{
  "version": 4,
  "terraform_version": "1.1.9",
  "serial": 66,
  "lineage": "a15471af-ed76-85ec-cec8-4b7dc3268536",
  "outputs": {},
  "resources": [
    {
      "mode": "managed",
      "type": "docker_image",
      "name": "mongo",
      "provider": "provider[\"registry.terraform.io/kreuzwerker/docker\"]",
      "instances": [
        {
          "schema_version": 0,
          "attributes": {
            "build": [],
            "force_remove": null,
            "id": "sha256:27dd1be4bed1549027bb697b55f05920cd6d46f49f7c3cdb4d798523238fdec3mongo:5.0",
            "keep_locally": false,
            "latest": "sha256:27dd1be4bed1549027bb697b55f05920cd6d46f49f7c3cdb4d798523238fdec3",
            "name": "mongo:5.0",
            "output": null,
            "pull_trigger": null,
            "pull_triggers": null,
            "repo_digest": "mongo@sha256:981c74be62db9c39e7ebb4eaa8e1c51f40b905bb00285e8463c88c174da80674"
          },
          "sensitive_attributes": [],
          "private": "bnVsbA=="
        }
      ]
    }
  ]
}
